
Microsoft Visual Studio Solution File, Format Version 12.00
# Visual Studio Version 17
VisualStudioVersion = 17.0.31903.59
MinimumVisualStudioVersion = 10.0.40219.1
Project("{FAE04EC0-301F-11D3-BF4B-00C04F79EFBC}") = "elib", "elib\elib.csproj", "{205E23BC-B691-4A6E-9642-5684C848940A}"
EndProject
Project("{FAE04EC0-301F-11D3-BF4B-00C04F79EFBC}") = "client", "client\client.csproj", "{09D590EE-F061-4C9F-BD83-EC8A73F2A46A}"
EndProject
Global
	GlobalSection(SolutionConfigurationPlatforms) = preSolution
		Debug|Any CPU = Debug|Any CPU
		Release|Any CPU = Release|Any CPU
	EndGlobalSection
	GlobalSection(SolutionProperties) = preSolution
		HideSolutionNode = FALSE
	EndGlobalSection
	GlobalSection(ProjectConfigurationPlatforms) = postSolution
		{205E23BC-B691-4A6E-9642-5684C848940A}.Debug|Any CPU.ActiveCfg = Debug|Any CPU
		{205E23BC-B691-4A6E-9642-5684C848940A}.Debug|Any CPU.Build.0 = Debug|Any CPU
		{205E23BC-B691-4A6E-9642-5684C848940A}.Release|Any CPU.ActiveCfg = Release|Any CPU
		{205E23BC-B691-4A6E-9642-5684C848940A}.Release|Any CPU.Build.0 = Release|Any CPU
		{09D590EE-F061-4C9F-BD83-EC8A73F2A46A}.Debug|Any CPU.ActiveCfg = Debug|Any CPU
		{09D590EE-F061-4C9F-BD83-EC8A73F2A46A}.Debug|Any CPU.Build.0 = Debug|Any CPU
		{09D590EE-F061-4C9F-BD83-EC8A73F2A46A}.Release|Any CPU.ActiveCfg = Release|Any CPU
		{09D590EE-F061-4C9F-BD83-EC8A73F2A46A}.Release|Any CPU.Build.0 = Release|Any CPU
	EndGlobalSection
EndGlobal
